
Microsoft Visual Studio Solution File, Format Version 12.00
# Visual Studio Version 16
VisualStudioVersion = 16.0.31205.134
MinimumVisualStudioVersion = 10.0.40219.1
Project("{9A19103F-16F7-4668-BE54-9A1E7A4F7556}") = "CallReg", "CallReg\CallReg.csproj", "{39BDA5C5-2426-425A-BEDD-9B580FCD51D3}"
EndProject
Project("{FAE04EC0-301F-11D3-BF4B-00C04F79EFBC}") = "CallReg WPF", "CallReg WPF\CallReg WPF.csproj", "{3E4185C3-753D-4DB2-9BA7-E06A52831894}"
EndProject
Global
	GlobalSection(SolutionConfigurationPlatforms) = preSolution
		Debug|Any CPU = Debug|Any CPU
		Release|Any CPU = Release|Any CPU
	EndGlobalSection
	GlobalSection(ProjectConfigurationPlatforms) = postSolution
		{39BDA5C5-2426-425A-BEDD-9B580FCD51D3}.Debug|Any CPU.ActiveCfg = Debug|Any CPU
		{39BDA5C5-2426-425A-BEDD-9B580FCD51D3}.Debug|Any CPU.Build.0 = Debug|Any CPU
		{39BDA5C5-2426-425A-BEDD-9B580FCD51D3}.Release|Any CPU.ActiveCfg = Release|Any CPU
		{39BDA5C5-2426-425A-BEDD-9B580FCD51D3}.Release|Any CPU.Build.0 = Release|Any CPU
		{3E4185C3-753D-4DB2-9BA7-E06A52831894}.Debug|Any CPU.ActiveCfg = Debug|Any CPU
		{3E4185C3-753D-4DB2-9BA7-E06A52831894}.Debug|Any CPU.Build.0 = Debug|Any CPU
		{3E4185C3-753D-4DB2-9BA7-E06A52831894}.Release|Any CPU.ActiveCfg = Release|Any CPU
		{3E4185C3-753D-4DB2-9BA7-E06A52831894}.Release|Any CPU.Build.0 = Release|Any CPU
	EndGlobalSection
	GlobalSection(SolutionProperties) = preSolution
		HideSolutionNode = FALSE
	EndGlobalSection
	GlobalSection(ExtensibilityGlobals) = postSolution
		SolutionGuid = {F09F1ED3-86CF-4303-AF44-E2FEE52B713A}
	EndGlobalSection
EndGlobal
